
Microsoft Visual Studio Solution File, Format Version 12.00
# Visual Studio Version 16
VisualStudioVersion = 16.0.31005.135
MinimumVisualStudioVersion = 10.0.40219.1
Project("{F184B08F-C81C-45F6-A57F-5ABD9991F28F}") = "WpfApp1", "WpfApp1.vbproj", "{C71763C8-AF8F-4EC8-AA0A-831DC795B8EC}"
EndProject
Global
	GlobalSection(SolutionConfigurationPlatforms) = preSolution
		Debug|Any CPU = Debug|Any CPU
		Release|Any CPU = Release|Any CPU
	EndGlobalSection
	GlobalSection(ProjectConfigurationPlatforms) = postSolution
		{C71763C8-AF8F-4EC8-AA0A-831DC795B8EC}.Debug|Any CPU.ActiveCfg = Debug|Any CPU
		{C71763C8-AF8F-4EC8-AA0A-831DC795B8EC}.Debug|Any CPU.Build.0 = Debug|Any CPU
		{C71763C8-AF8F-4EC8-AA0A-831DC795B8EC}.Release|Any CPU.ActiveCfg = Release|Any CPU
		{C71763C8-AF8F-4EC8-AA0A-831DC795B8EC}.Release|Any CPU.Build.0 = Release|Any CPU
	EndGlobalSection
	GlobalSection(SolutionProperties) = preSolution
		HideSolutionNode = FALSE
	EndGlobalSection
	GlobalSection(ExtensibilityGlobals) = postSolution
		SolutionGuid = {08279C91-611B-44A1-AACD-0D75F188F5F5}
	EndGlobalSection
EndGlobal
